// !$*UTF8*$!
{
	archiveVersion = 1;
	classes = {
	};
	objectVersion = 46;
	objects = {

/* Begin PBXBuildFile section */
		B012A0601599DD8D009A381D /* UIKit.framework in Frameworks */ = {isa = PBXBuildFile; fileRef = B012A05F1599DD8D009A381D /* UIKit.framework */; };
		B012A0621599DD8D009A381D /* Foundation.framework in Frameworks */ = {isa = PBXBuildFile; fileRef = B012A0611599DD8D009A381D /* Foundation.framework */; };
		B012A0641599DD8D009A381D /* CoreGraphics.framework in Frameworks */ = {isa = PBXBuildFile; fileRef = B012A0631599DD8D009A381D /* CoreGraphics.framework */; };
		B012A06A1599DD8D009A381D /* InfoPlist.strings in Resources */ = {isa = PBXBuildFile; fileRef = B012A0681599DD8D009A381D /* InfoPlist.strings */; };
		B012A06C1599DD8D009A381D /* main.m in Sources */ = {isa = PBXBuildFile; fileRef = B012A06B1599DD8D009A381D /* main.m */; };
		B012A0701599DD8D009A381D /* GDAppDelegate.m in Sources */ = {isa = PBXBuildFile; fileRef = B012A06F1599DD8D009A381D /* GDAppDelegate.m */; };
		B012A0731599DD8D009A381D /* MainStoryboard.storyboard in Resources */ = {isa = PBXBuildFile; fileRef = B012A0711599DD8D009A381D /* MainStoryboard.storyboard */; };
		B012A0761599DD8D009A381D /* GDViewController.m in Sources */ = {isa = PBXBuildFile; fileRef = B012A0751599DD8D009A381D /* GDViewController.m */; };
		B012A07E1599DD8D009A381D /* SenTestingKit.framework in Frameworks */ = {isa = PBXBuildFile; fileRef = B012A07D1599DD8D009A381D /* SenTestingKit.framework */; };
		B012A07F1599DD8D009A381D /* UIKit.framework in Frameworks */ = {isa = PBXBuildFile; fileRef = B012A05F1599DD8D009A381D /* UIKit.framework */; };
		B012A0801599DD8D009A381D /* Foundation.framework in Frameworks */ = {isa = PBXBuildFile; fileRef = B012A0611599DD8D009A381D /* Foundation.framework */; };
		B012A0881599DD8D009A381D /* InfoPlist.strings in Resources */ = {isa = PBXBuildFile; fileRef = B012A0861599DD8D009A381D /* InfoPlist.strings */; };
		B012A08B1599DD8D009A381D /* GraphWithSoundsTests.m in Sources */ = {isa = PBXBuildFile; fileRef = B012A08A1599DD8D009A381D /* GraphWithSoundsTests.m */; };
		B012A0971599DDA0009A381D /* AudioToolbox.framework in Frameworks */ = {isa = PBXBuildFile; fileRef = B012A0941599DDA0009A381D /* AudioToolbox.framework */; };
		B012A0981599DDA0009A381D /* CoreAudio.framework in Frameworks */ = {isa = PBXBuildFile; fileRef = B012A0951599DDA0009A381D /* CoreAudio.framework */; };
		B012A0991599DDA0009A381D /* CoreMIDI.framework in Frameworks */ = {isa = PBXBuildFile; fileRef = B012A0961599DDA0009A381D /* CoreMIDI.framework */; };
		B012A0A11599DEA3009A381D /* GDCoreAudioUtils.c in Sources */ = {isa = PBXBuildFile; fileRef = B012A09E1599DEA3009A381D /* GDCoreAudioUtils.c */; };
		B012A0A21599DEA3009A381D /* gs_instruments.dls in Resources */ = {isa = PBXBuildFile; fileRef = B012A0A01599DEA3009A381D /* gs_instruments.dls */; };
		B012A0A61599DEEC009A381D /* GDSoundEngine.m in Sources */ = {isa = PBXBuildFile; fileRef = B012A0A51599DEEC009A381D /* GDSoundEngine.m */; };
		B012A114159A6CE7009A381D /* README.md in Resources */ = {isa = PBXBuildFile; fileRef = B012A113159A6CE7009A381D /* README.md */; };
/* End PBXBuildFile section */

/* Begin PBXContainerItemProxy section */
		B012A0811599DD8D009A381D /* PBXContainerItemProxy */ = {
			isa = PBXContainerItemProxy;
			containerPortal = B012A0521599DD8D009A381D /* Project object */;
			proxyType = 1;
			remoteGlobalIDString = B012A05A1599DD8D009A381D;
			remoteInfo = GraphWithSounds;
		};
/* End PBXContainerItemProxy section */

/* Begin PBXFileReference section */
		B012A05B1599DD8D009A381D /* GraphWithSounds.app */ = {isa = PBXFileReference; explicitFileType = wrapper.application; includeInIndex = 0; path = GraphWithSounds.app; sourceTree = BUILT_PRODUCTS_DIR; };
		B012A05F1599DD8D009A381D /* UIKit.framework */ = {isa = PBXFileReference; lastKnownFileType = wrapper.framework; name = UIKit.framework; path = System/Library/Frameworks/UIKit.framework; sourceTree = SDKROOT; };
		B012A0611599DD8D009A381D /* Foundation.framework */ = {isa = PBXFileReference; lastKnownFileType = wrapper.framework; name = Foundation.framework; path = System/Library/Frameworks/Foundation.framework; sourceTree = SDKROOT; };
		B012A0631599DD8D009A381D /* CoreGraphics.framework */ = {isa = PBXFileReference; lastKnownFileType = wrapper.framework; name = CoreGraphics.framework; path = System/Library/Frameworks/CoreGraphics.framework; sourceTree = SDKROOT; };
		B012A0671599DD8D009A381D /* GraphWithSounds-Info.plist */ = {isa = PBXFileReference; lastKnownFileType = text.plist.xml; path = "GraphWithSounds-Info.plist"; sourceTree = "<group>"; };
		B012A0691599DD8D009A381D /* en */ = {isa = PBXFileReference; lastKnownFileType = text.plist.strings; name = en; path = en.lproj/InfoPlist.strings; sourceTree = "<group>"; };
		B012A06B1599DD8D009A381D /* main.m */ = {isa = PBXFileReference; lastKnownFileType = sourcecode.c.objc; path = main.m; sourceTree = "<group>"; };
		B012A06D1599DD8D009A381D /* GraphWithSounds-Prefix.pch */ = {isa = PBXFileReference; lastKnownFileType = sourcecode.c.h; path = "GraphWithSounds-Prefix.pch"; sourceTree = "<group>"; };
		B012A06E1599DD8D009A381D /* GDAppDelegate.h */ = {isa = PBXFileReference; lastKnownFileType = sourcecode.c.h; path = GDAppDelegate.h; sourceTree = "<group>"; };
		B012A06F1599DD8D009A381D /* GDAppDelegate.m */ = {isa = PBXFileReference; lastKnownFileType = sourcecode.c.objc; path = GDAppDelegate.m; sourceTree = "<group>"; };
		B012A0721599DD8D009A381D /* en */ = {isa = PBXFileReference; lastKnownFileType = file.storyboard; name = en; path = en.lproj/MainStoryboard.storyboard; sourceTree = "<group>"; };
		B012A0741599DD8D009A381D /* GDViewController.h */ = {isa = PBXFileReference; lastKnownFileType = sourcecode.c.h; path = GDViewController.h; sourceTree = "<group>"; };
		B012A0751599DD8D009A381D /* GDViewController.m */ = {isa = PBXFileReference; lastKnownFileType = sourcecode.c.objc; path = GDViewController.m; sourceTree = "<group>"; };
		B012A07C1599DD8D009A381D /* GraphWithSoundsTests.octest */ = {isa = PBXFileReference; explicitFileType = wrapper.cfbundle; includeInIndex = 0; path = GraphWithSoundsTests.octest; sourceTree = BUILT_PRODUCTS_DIR; };
		B012A07D1599DD8D009A381D /* SenTestingKit.framework */ = {isa = PBXFileReference; lastKnownFileType = wrapper.framework; name = SenTestingKit.framework; path = Library/Frameworks/SenTestingKit.framework; sourceTree = DEVELOPER_DIR; };
		B012A0851599DD8D009A381D /* GraphWithSoundsTests-Info.plist */ = {isa = PBXFileReference; lastKnownFileType = text.plist.xml; path = "GraphWithSoundsTests-Info.plist"; sourceTree = "<group>"; };
		B012A0871599DD8D009A381D /* en */ = {isa = PBXFileReference; lastKnownFileType = text.plist.strings; name = en; path = en.lproj/InfoPlist.strings; sourceTree = "<group>"; };
		B012A0891599DD8D009A381D /* GraphWithSoundsTests.h */ = {isa = PBXFileReference; lastKnownFileType = sourcecode.c.h; path = GraphWithSoundsTests.h; sourceTree = "<group>"; };
		B012A08A1599DD8D009A381D /* GraphWithSoundsTests.m */ = {isa = PBXFileReference; lastKnownFileType = sourcecode.c.objc; path = GraphWithSoundsTests.m; sourceTree = "<group>"; };
		B012A0941599DDA0009A381D /* AudioToolbox.framework */ = {isa = PBXFileReference; lastKnownFileType = wrapper.framework; name = AudioToolbox.framework; path = System/Library/Frameworks/AudioToolbox.framework; sourceTree = SDKROOT; };
		B012A0951599DDA0009A381D /* CoreAudio.framework */ = {isa = PBXFileReference; lastKnownFileType = wrapper.framework; name = CoreAudio.framework; path = System/Library/Frameworks/CoreAudio.framework; sourceTree = SDKROOT; };
		B012A0961599DDA0009A381D /* CoreMIDI.framework */ = {isa = PBXFileReference; lastKnownFileType = wrapper.framework; name = CoreMIDI.framework; path = System/Library/Frameworks/CoreMIDI.framework; sourceTree = SDKROOT; };
		B012A09E1599DEA3009A381D /* GDCoreAudioUtils.c */ = {isa = PBXFileReference; fileEncoding = 4; lastKnownFileType = sourcecode.c.c; path = GDCoreAudioUtils.c; sourceTree = "<group>"; };
		B012A09F1599DEA3009A381D /* GDCoreAudioUtils.h */ = {isa = PBXFileReference; fileEncoding = 4; lastKnownFileType = sourcecode.c.h; path = GDCoreAudioUtils.h; sourceTree = "<group>"; };
		B012A0A01599DEA3009A381D /* gs_instruments.dls */ = {isa = PBXFileReference; lastKnownFileType = file; path = gs_instruments.dls; sourceTree = "<group>"; };
		B012A0A41599DEEC009A381D /* GDSoundEngine.h */ = {isa = PBXFileReference; fileEncoding = 4; lastKnownFileType = sourcecode.c.h; path = GDSoundEngine.h; sourceTree = "<group>"; };
		B012A0A51599DEEC009A381D /* GDSoundEngine.m */ = {isa = PBXFileReference; fileEncoding = 4; lastKnownFileType = sourcecode.c.objc; path = GDSoundEngine.m; sourceTree = "<group>"; };
		B012A113159A6CE7009A381D /* README.md */ = {isa = PBXFileReference; fileEncoding = 4; lastKnownFileType = text; path = README.md; sourceTree = "<group>"; };
/* End PBXFileReference section */

/* Begin PBXFrameworksBuildPhase section */
		B012A0581599DD8D009A381D /* Frameworks */ = {
			isa = PBXFrameworksBuildPhase;
			buildActionMask = 2147483647;
			files = (
				B012A0971599DDA0009A381D /* AudioToolbox.framework in Frameworks */,
				B012A0981599DDA0009A381D /* CoreAudio.framework in Frameworks */,
				B012A0991599DDA0009A381D /* CoreMIDI.framework in Frameworks */,
				B012A0601599DD8D009A381D /* UIKit.framework in Frameworks */,
				B012A0621599DD8D009A381D /* Foundation.framework in Frameworks */,
				B012A0641599DD8D009A381D /* CoreGraphics.framework in Frameworks */,
			);
			runOnlyForDeploymentPostprocessing = 0;
		};
		B012A0781599DD8D009A381D /* Frameworks */ = {
			isa = PBXFrameworksBuildPhase;
			buildActionMask = 2147483647;
			files = (
				B012A07E1599DD8D009A381D /* SenTestingKit.framework in Frameworks */,
				B012A07F1599DD8D009A381D /* UIKit.framework in Frameworks */,
				B012A0801599DD8D009A381D /* Foundation.framework in Frameworks */,
			);
			runOnlyForDeploymentPostprocessing = 0;
		};
/* End PBXFrameworksBuildPhase section */

/* Begin PBXGroup section */
		B012A0501599DD8D009A381D = {
			isa = PBXGroup;
			children = (
				B012A113159A6CE7009A381D /* README.md */,
				B012A0651599DD8D009A381D /* GraphWithSounds */,
				B012A0831599DD8D009A381D /* GraphWithSoundsTests */,
				B012A05E1599DD8D009A381D /* Frameworks */,
				B012A05C1599DD8D009A381D /* Products */,
			);
			sourceTree = "<group>";
		};
		B012A05C1599DD8D009A381D /* Products */ = {
			isa = PBXGroup;
			children = (
				B012A05B1599DD8D009A381D /* GraphWithSounds.app */,
				B012A07C1599DD8D009A381D /* GraphWithSoundsTests.octest */,
			);
			name = Products;
			sourceTree = "<group>";
		};
		B012A05E1599DD8D009A381D /* Frameworks */ = {
			isa = PBXGroup;
			children = (
				B012A0941599DDA0009A381D /* AudioToolbox.framework */,
				B012A0951599DDA0009A381D /* CoreAudio.framework */,
				B012A0961599DDA0009A381D /* CoreMIDI.framework */,
				B012A05F1599DD8D009A381D /* UIKit.framework */,
				B012A0611599DD8D009A381D /* Foundation.framework */,
				B012A0631599DD8D009A381D /* CoreGraphics.framework */,
				B012A07D1599DD8D009A381D /* SenTestingKit.framework */,
			);
			name = Frameworks;
			sourceTree = "<group>";
		};
		B012A0651599DD8D009A381D /* GraphWithSounds */ = {
			isa = PBXGroup;
			children = (
				B012A0A41599DEEC009A381D /* GDSoundEngine.h */,
				B012A0A51599DEEC009A381D /* GDSoundEngine.m */,
				B012A09E1599DEA3009A381D /* GDCoreAudioUtils.c */,
				B012A09F1599DEA3009A381D /* GDCoreAudioUtils.h */,
				B012A0A01599DEA3009A381D /* gs_instruments.dls */,
				B012A06E1599DD8D009A381D /* GDAppDelegate.h */,
				B012A06F1599DD8D009A381D /* GDAppDelegate.m */,
				B012A0711599DD8D009A381D /* MainStoryboard.storyboard */,
				B012A0741599DD8D009A381D /* GDViewController.h */,
				B012A0751599DD8D009A381D /* GDViewController.m */,
				B012A0661599DD8D009A381D /* Supporting Files */,
			);
			path = GraphWithSounds;
			sourceTree = "<group>";
		};
		B012A0661599DD8D009A381D /* Supporting Files */ = {
			isa = PBXGroup;
			children = (
				B012A0671599DD8D009A381D /* GraphWithSounds-Info.plist */,
				B012A0681599DD8D009A381D /* InfoPlist.strings */,
				B012A06B1599DD8D009A381D /* main.m */,
				B012A06D1599DD8D009A381D /* GraphWithSounds-Prefix.pch */,
			);
			name = "Supporting Files";
			sourceTree = "<group>";
		};
		B012A0831599DD8D009A381D /* GraphWithSoundsTests */ = {
			isa = PBXGroup;
			children = (
				B012A0891599DD8D009A381D /* GraphWithSoundsTests.h */,
				B012A08A1599DD8D009A381D /* GraphWithSoundsTests.m */,
				B012A0841599DD8D009A381D /* Supporting Files */,
			);
			path = GraphWithSoundsTests;
			sourceTree = "<group>";
		};
		B012A0841599DD8D009A381D /* Supporting Files */ = {
			isa = PBXGroup;
			children = (
				B012A0851599DD8D009A381D /* GraphWithSoundsTests-Info.plist */,
				B012A0861599DD8D009A381D /* InfoPlist.strings */,
			);
			name = "Supporting Files";
			sourceTree = "<group>";
		};
/* End PBXGroup section */

/* Begin PBXNativeTarget section */
		B012A05A1599DD8D009A381D /* GraphWithSounds */ = {
			isa = PBXNativeTarget;
			buildConfigurationList = B012A08E1599DD8D009A381D /* Build configuration list for PBXNativeTarget "GraphWithSounds" */;
			buildPhases = (
				B012A0571599DD8D009A381D /* Sources */,
				B012A0581599DD8D009A381D /* Frameworks */,
				B012A0591599DD8D009A381D /* Resources */,
			);
			buildRules = (
			);
			dependencies = (
			);
			name = GraphWithSounds;
			productName = GraphWithSounds;
			productReference = B012A05B1599DD8D009A381D /* GraphWithSounds.app */;
			productType = "com.apple.product-type.application";
		};
		B012A07B1599DD8D009A381D /* GraphWithSoundsTests */ = {
			isa = PBXNativeTarget;
			buildConfigurationList = B012A0911599DD8D009A381D /* Build configuration list for PBXNativeTarget "GraphWithSoundsTests" */;
			buildPhases = (
				B012A0771599DD8D009A381D /* Sources */,
				B012A0781599DD8D009A381D /* Frameworks */,
				B012A0791599DD8D009A381D /* Resources */,
				B012A07A1599DD8D009A381D /* ShellScript */,
			);
			buildRules = (
			);
			dependencies = (
				B012A0821599DD8D009A381D /* PBXTargetDependency */,
			);
			name = GraphWithSoundsTests;
			productName = GraphWithSoundsTests;
			productReference = B012A07C1599DD8D009A381D /* GraphWithSoundsTests.octest */;
			productType = "com.apple.product-type.bundle";
		};
/* End PBXNativeTarget section */

/* Begin PBXProject section */
		B012A0521599DD8D009A381D /* Project object */ = {
			isa = PBXProject;
			attributes = {
				CLASSPREFIX = GD;
				LastUpgradeCheck = 0430;
				ORGANIZATIONNAME = "Rockhopper Technologies";
			};
			buildConfigurationList = B012A0551599DD8D009A381D /* Build configuration list for PBXProject "GraphWithSounds" */;
			compatibilityVersion = "Xcode 3.2";
			developmentRegion = English;
			hasScannedForEncodings = 0;
			knownRegions = (
				en,
			);
			mainGroup = B012A0501599DD8D009A381D;
			productRefGroup = B012A05C1599DD8D009A381D /* Products */;
			projectDirPath = "";
			projectRoot = "";
			targets = (
				B012A05A1599DD8D009A381D /* GraphWithSounds */,
				B012A07B1599DD8D009A381D /* GraphWithSoundsTests */,
			);
		};
/* End PBXProject section */

/* Begin PBXResourcesBuildPhase section */
		B012A0591599DD8D009A381D /* Resources */ = {
			isa = PBXResourcesBuildPhase;
			buildActionMask = 2147483647;
			files = (
				B012A06A1599DD8D009A381D /* InfoPlist.strings in Resources */,
				B012A0731599DD8D009A381D /* MainStoryboard.storyboard in Resources */,
				B012A0A21599DEA3009A381D /* gs_instruments.dls in Resources */,
				B012A114159A6CE7009A381D /* README.md in Resources */,
			);
			runOnlyForDeploymentPostprocessing = 0;
		};
		B012A0791599DD8D009A381D /* Resources */ = {
			isa = PBXResourcesBuildPhase;
			buildActionMask = 2147483647;
			files = (
				B012A0881599DD8D009A381D /* InfoPlist.strings in Resources */,
			);
			runOnlyForDeploymentPostprocessing = 0;
		};
/* End PBXResourcesBuildPhase section */

/* Begin PBXShellScriptBuildPhase section */
		B012A07A1599DD8D009A381D /* ShellScript */ = {
			isa = PBXShellScriptBuildPhase;
			buildActionMask = 2147483647;
			files = (
			);
			inputPaths = (
			);
			outputPaths = (
			);
			runOnlyForDeploymentPostprocessing = 0;
			shellPath = /bin/sh;
			shellScript = "# Run the unit tests in this test bundle.\n\"${SYSTEM_DEVELOPER_DIR}/Tools/RunUnitTests\"\n";
		};
/* End PBXShellScriptBuildPhase section */

/* Begin PBXSourcesBuildPhase section */
		B012A0571599DD8D009A381D /* Sources */ = {
			isa = PBXSourcesBuildPhase;
			buildActionMask = 2147483647;
			files = (
				B012A06C1599DD8D009A381D /* main.m in Sources */,
				B012A0701599DD8D009A381D /* GDAppDelegate.m in Sources */,
				B012A0761599DD8D009A381D /* GDViewController.m in Sources */,
				B012A0A11599DEA3009A381D /* GDCoreAudioUtils.c in Sources */,
				B012A0A61599DEEC009A381D /* GDSoundEngine.m in Sources */,
			);
			runOnlyForDeploymentPostprocessing = 0;
		};
		B012A0771599DD8D009A381D /* Sources */ = {
			isa = PBXSourcesBuildPhase;
			buildActionMask = 2147483647;
			files = (
				B012A08B1599DD8D009A381D /* GraphWithSoundsTests.m in Sources */,
			);
			runOnlyForDeploymentPostprocessing = 0;
		};
/* End PBXSourcesBuildPhase section */

/* Begin PBXTargetDependency section */
		B012A0821599DD8D009A381D /* PBXTargetDependency */ = {
			isa = PBXTargetDependency;
			target = B012A05A1599DD8D009A381D /* GraphWithSounds */;
			targetProxy = B012A0811599DD8D009A381D /* PBXContainerItemProxy */;
		};
/* End PBXTargetDependency section */

/* Begin PBXVariantGroup section */
		B012A0681599DD8D009A381D /* InfoPlist.strings */ = {
			isa = PBXVariantGroup;
			children = (
				B012A0691599DD8D009A381D /* en */,
			);
			name = InfoPlist.strings;
			sourceTree = "<group>";
		};
		B012A0711599DD8D009A381D /* MainStoryboard.storyboard */ = {
			isa = PBXVariantGroup;
			children = (
				B012A0721599DD8D009A381D /* en */,
			);
			name = MainStoryboard.storyboard;
			sourceTree = "<group>";
		};
		B012A0861599DD8D009A381D /* InfoPlist.strings */ = {
			isa = PBXVariantGroup;
			children = (
				B012A0871599DD8D009A381D /* en */,
			);
			name = InfoPlist.strings;
			sourceTree = "<group>";
		};
/* End PBXVariantGroup section */

/* Begin XCBuildConfiguration section */
		B012A08C1599DD8D009A381D /* Debug */ = {
			isa = XCBuildConfiguration;
			buildSettings = {
				ALWAYS_SEARCH_USER_PATHS = NO;
				ARCHS = "$(ARCHS_STANDARD_32_BIT)";
				CLANG_ENABLE_OBJC_ARC = YES;
				"CODE_SIGN_IDENTITY[sdk=iphoneos*]" = "iPhone Developer";
				COPY_PHASE_STRIP = NO;
				GCC_C_LANGUAGE_STANDARD = gnu99;
				GCC_DYNAMIC_NO_PIC = NO;
				GCC_OPTIMIZATION_LEVEL = 0;
				GCC_PREPROCESSOR_DEFINITIONS = (
					"DEBUG=1",
					"$(inherited)",
				);
				GCC_SYMBOLS_PRIVATE_EXTERN = NO;
				GCC_VERSION = com.apple.compilers.llvm.clang.1_0;
				GCC_WARN_ABOUT_RETURN_TYPE = YES;
				GCC_WARN_UNINITIALIZED_AUTOS = YES;
				GCC_WARN_UNUSED_VARIABLE = YES;
				IPHONEOS_DEPLOYMENT_TARGET = 5.1;
				SDKROOT = iphoneos;
			};
			name = Debug;
		};
		B012A08D1599DD8D009A381D /* Release */ = {
			isa = XCBuildConfiguration;
			buildSettings = {
				ALWAYS_SEARCH_USER_PATHS = NO;
				ARCHS = "$(ARCHS_STANDARD_32_BIT)";
				CLANG_ENABLE_OBJC_ARC = YES;
				"CODE_SIGN_IDENTITY[sdk=iphoneos*]" = "iPhone Developer";
				COPY_PHASE_STRIP = YES;
				GCC_C_LANGUAGE_STANDARD = gnu99;
				GCC_VERSION = com.apple.compilers.llvm.clang.1_0;
				GCC_WARN_ABOUT_RETURN_TYPE = YES;
				GCC_WARN_UNINITIALIZED_AUTOS = YES;
				GCC_WARN_UNUSED_VARIABLE = YES;
				IPHONEOS_DEPLOYMENT_TARGET = 5.1;
				OTHER_CFLAGS = "-DNS_BLOCK_ASSERTIONS=1";
				SDKROOT = iphoneos;
				VALIDATE_PRODUCT = YES;
			};
			name = Release;
		};
		B012A08F1599DD8D009A381D /* Debug */ = {
			isa = XCBuildConfiguration;
			buildSettings = {
				GCC_PRECOMPILE_PREFIX_HEADER = YES;
				GCC_PREFIX_HEADER = "GraphWithSounds/GraphWithSounds-Prefix.pch";
				INFOPLIST_FILE = "GraphWithSounds/GraphWithSounds-Info.plist";
				PRODUCT_NAME = "$(TARGET_NAME)";
				WRAPPER_EXTENSION = app;
			};
			name = Debug;
		};
		B012A0901599DD8D009A381D /* Release */ = {
			isa = XCBuildConfiguration;
			buildSettings = {
				GCC_PRECOMPILE_PREFIX_HEADER = YES;
				GCC_PREFIX_HEADER = "GraphWithSounds/GraphWithSounds-Prefix.pch";
				INFOPLIST_FILE = "GraphWithSounds/GraphWithSounds-Info.plist";
				PRODUCT_NAME = "$(TARGET_NAME)";
				WRAPPER_EXTENSION = app;
			};
			name = Release;
		};
		B012A0921599DD8D009A381D /* Debug */ = {
			isa = XCBuildConfiguration;
			buildSettings = {
				BUNDLE_LOADER = "$(BUILT_PRODUCTS_DIR)/GraphWithSounds.app/GraphWithSounds";
				FRAMEWORK_SEARCH_PATHS = (
					"$(SDKROOT)/Developer/Library/Frameworks",
					"$(DEVELOPER_LIBRARY_DIR)/Frameworks",
				);
				GCC_PRECOMPILE_PREFIX_HEADER = YES;
				GCC_PREFIX_HEADER = "GraphWithSounds/GraphWithSounds-Prefix.pch";
				INFOPLIST_FILE = "GraphWithSoundsTests/GraphWithSoundsTests-Info.plist";
				PRODUCT_NAME = "$(TARGET_NAME)";
				TEST_HOST = "$(BUNDLE_LOADER)";
				WRAPPER_EXTENSION = octest;
			};
			name = Debug;
		};
		B012A0931599DD8D009A381D /* Release */ = {
			isa = XCBuildConfiguration;
			buildSettings = {
				BUNDLE_LOADER = "$(BUILT_PRODUCTS_DIR)/GraphWithSounds.app/GraphWithSounds";
				FRAMEWORK_SEARCH_PATHS = (
					"$(SDKROOT)/Developer/Library/Frameworks",
					"$(DEVELOPER_LIBRARY_DIR)/Frameworks",
				);
				GCC_PRECOMPILE_PREFIX_HEADER = YES;
				GCC_PREFIX_HEADER = "GraphWithSounds/GraphWithSounds-Prefix.pch";
				INFOPLIST_FILE = "GraphWithSoundsTests/GraphWithSoundsTests-Info.plist";
				PRODUCT_NAME = "$(TARGET_NAME)";
				TEST_HOST = "$(BUNDLE_LOADER)";
				WRAPPER_EXTENSION = octest;
			};
			name = Release;
		};
/* End XCBuildConfiguration section */

/* Begin XCConfigurationList section */
		B012A0551599DD8D009A381D /* Build configuration list for PBXProject "GraphWithSounds" */ = {
			isa = XCConfigurationList;
			buildConfigurations = (
				B012A08C1599DD8D009A381D /* Debug */,
				B012A08D1599DD8D009A381D /* Release */,
			);
			defaultConfigurationIsVisible = 0;
			defaultConfigurationName = Release;
		};
		B012A08E1599DD8D009A381D /* Build configuration list for PBXNativeTarget "GraphWithSounds" */ = {
			isa = XCConfigurationList;
			buildConfigurations = (
				B012A08F1599DD8D009A381D /* Debug */,
				B012A0901599DD8D009A381D /* Release */,
			);
			defaultConfigurationIsVisible = 0;
			defaultConfigurationName = Release;
		};
		B012A0911599DD8D009A381D /* Build configuration list for PBXNativeTarget "GraphWithSoundsTests" */ = {
			isa = XCConfigurationList;
			buildConfigurations = (
				B012A0921599DD8D009A381D /* Debug */,
				B012A0931599DD8D009A381D /* Release */,
			);
			defaultConfigurationIsVisible = 0;
			defaultConfigurationName = Release;
		};
/* End XCConfigurationList section */
	};
	rootObject = B012A0521599DD8D009A381D /* Project object */;
}
